
Microsoft Visual Studio Solution File, Format Version 12.00
# Visual Studio Version 17
VisualStudioVersion = 17.7.34024.191
MinimumVisualStudioVersion = 10.0.40219.1
Project("{FAE04EC0-301F-11D3-BF4B-00C04F79EFBC}") = "Carshering", "Carshering\Carshering.csproj", "{6E54ED45-476E-4B24-9B1F-7140475E33F1}"
EndProject
Global
	GlobalSection(SolutionConfigurationPlatforms) = preSolution
		Debug|Any CPU = Debug|Any CPU
		Release|Any CPU = Release|Any CPU
	EndGlobalSection
	GlobalSection(ProjectConfigurationPlatforms) = postSolution
		{6E54ED45-476E-4B24-9B1F-7140475E33F1}.Debug|Any CPU.ActiveCfg = Debug|Any CPU
		{6E54ED45-476E-4B24-9B1F-7140475E33F1}.Debug|Any CPU.Build.0 = Debug|Any CPU
		{6E54ED45-476E-4B24-9B1F-7140475E33F1}.Release|Any CPU.ActiveCfg = Release|Any CPU
		{6E54ED45-476E-4B24-9B1F-7140475E33F1}.Release|Any CPU.Build.0 = Release|Any CPU
	EndGlobalSection
	GlobalSection(SolutionProperties) = preSolution
		HideSolutionNode = FALSE
	EndGlobalSection
	GlobalSection(ExtensibilityGlobals) = postSolution
		SolutionGuid = {A7B67202-FA0F-4C6D-B528-F3D24319852C}
	EndGlobalSection
EndGlobal
